
Microsoft Visual Studio Solution File, Format Version 12.00
# Visual Studio Version 17
VisualStudioVersion = 17.7.34009.444
MinimumVisualStudioVersion = 10.0.40219.1
Project("{9A19103F-16F7-4668-BE54-9A1E7A4F7556}") = "TicTacToe", "TicTacToe\TicTacToe.csproj", "{A50EEF93-9F5B-4845-A2A0-0687D1D22EB5}"
EndProject
Project("{FAE04EC0-301F-11D3-BF4B-00C04F79EFBC}") = "TicTacToeWithRestartAvailable", "TicTacToeWithRestartAvailable\TicTacToeWithRestartAvailable.csproj", "{4569D290-2ABB-4460-BEAA-8B83EF2D6F12}"
EndProject
Global
	GlobalSection(SolutionConfigurationPlatforms) = preSolution
		Debug|Any CPU = Debug|Any CPU
		Release|Any CPU = Release|Any CPU
	EndGlobalSection
	GlobalSection(ProjectConfigurationPlatforms) = postSolution
		{A50EEF93-9F5B-4845-A2A0-0687D1D22EB5}.Debug|Any CPU.ActiveCfg = Debug|Any CPU
		{A50EEF93-9F5B-4845-A2A0-0687D1D22EB5}.Debug|Any CPU.Build.0 = Debug|Any CPU
		{A50EEF93-9F5B-4845-A2A0-0687D1D22EB5}.Release|Any CPU.ActiveCfg = Release|Any CPU
		{A50EEF93-9F5B-4845-A2A0-0687D1D22EB5}.Release|Any CPU.Build.0 = Release|Any CPU
		{4569D290-2ABB-4460-BEAA-8B83EF2D6F12}.Debug|Any CPU.ActiveCfg = Debug|Any CPU
		{4569D290-2ABB-4460-BEAA-8B83EF2D6F12}.Debug|Any CPU.Build.0 = Debug|Any CPU
		{4569D290-2ABB-4460-BEAA-8B83EF2D6F12}.Release|Any CPU.ActiveCfg = Release|Any CPU
		{4569D290-2ABB-4460-BEAA-8B83EF2D6F12}.Release|Any CPU.Build.0 = Release|Any CPU
	EndGlobalSection
	GlobalSection(SolutionProperties) = preSolution
		HideSolutionNode = FALSE
	EndGlobalSection
	GlobalSection(ExtensibilityGlobals) = postSolution
		SolutionGuid = {2A96D64C-30A6-4009-BF76-EC14E185F643}
	EndGlobalSection
EndGlobal
